github.com/aliyun/aliyun-oss-go-sdk v2.0.2-0.20190711030016-a545cb0a44c7+incompatible/go.mod h1:T/Aws4fEfogEE9v+HPhhw+CntffsBHJ8nXQCwKr0/g8=
github.com/minio/minio-go v6.0.8+incompatible/go.mod h1:7guKYtitv8dktvNUGrhzmNlA5wrAABTQXCoesZdFQO8=
github.com/qiniu/api.v7 v7.2.5+incompatible/go.mod h1:V8/EzlTgLN6q0s0CJmg/I81ytsvldSF22F7h6MI02+c=
github.com/tencentyun/cos-go-sdk-v5 v0.0.0-20190717101923-c5c1f9751e7f/go.mod h1:/4BhymH1yO6ljUGQgcKsd7L3W+pdKRxoRiOuoZPLnGg=
